
Microsoft Visual Studio Solution File, Format Version 12.00
# Visual Studio Version 17
VisualStudioVersion = 17.9.34723.18
MinimumVisualStudioVersion = 10.0.40219.1
Project("{FAE04EC0-301F-11D3-BF4B-00C04F79EFBC}") = "TDTD_Lesson07_1", "TDTD_Lesson07_1\TDTD_Lesson07_1.csproj", "{7C5670CE-FE52-4BA0-9173-1086C8B74320}"
EndProject
Global
	GlobalSection(SolutionConfigurationPlatforms) = preSolution
		Debug|Any CPU = Debug|Any CPU
		Release|Any CPU = Release|Any CPU
	EndGlobalSection
	GlobalSection(ProjectConfigurationPlatforms) = postSolution
		{7C5670CE-FE52-4BA0-9173-1086C8B74320}.Debug|Any CPU.ActiveCfg = Debug|Any CPU
		{7C5670CE-FE52-4BA0-9173-1086C8B74320}.Debug|Any CPU.Build.0 = Debug|Any CPU
		{7C5670CE-FE52-4BA0-9173-1086C8B74320}.Release|Any CPU.ActiveCfg = Release|Any CPU
		{7C5670CE-FE52-4BA0-9173-1086C8B74320}.Release|Any CPU.Build.0 = Release|Any CPU
	EndGlobalSection
	GlobalSection(SolutionProperties) = preSolution
		HideSolutionNode = FALSE
	EndGlobalSection
	GlobalSection(ExtensibilityGlobals) = postSolution
		SolutionGuid = {5AB86F8F-D591-4933-9C99-904CE70A4D2B}
	EndGlobalSection
EndGlobal
