
Microsoft Visual Studio Solution File, Format Version 12.00
# Visual Studio Version 17
VisualStudioVersion = 17.9.34723.18
MinimumVisualStudioVersion = 10.0.40219.1
Project("{FAE04EC0-301F-11D3-BF4B-00C04F79EFBC}") = "TDTD_Lesson05_Video", "TDTD_Lesson05_Video\TDTD_Lesson05_Video.csproj", "{CA246344-242D-4962-889B-9E3493ED643D}"
EndProject
Project("{FAE04EC0-301F-11D3-BF4B-00C04F79EFBC}") = "TDTD_Lab04_1", "TDTD_Lab04_1\TDTD_Lab04_1.csproj", "{F2D6C6FC-A4B7-4749-8875-5EE1A7E58772}"
EndProject
Project("{FAE04EC0-301F-11D3-BF4B-00C04F79EFBC}") = "TDTD_Lab04_2", "TDTD_Lab04_2\TDTD_Lab04_2.csproj", "{CD1977B3-6EEA-4B15-B66C-AEBD2CEFA33C}"
EndProject
Global
	GlobalSection(SolutionConfigurationPlatforms) = preSolution
		Debug|Any CPU = Debug|Any CPU
		Release|Any CPU = Release|Any CPU
	EndGlobalSection
	GlobalSection(ProjectConfigurationPlatforms) = postSolution
		{CA246344-242D-4962-889B-9E3493ED643D}.Debug|Any CPU.ActiveCfg = Debug|Any CPU
		{CA246344-242D-4962-889B-9E3493ED643D}.Debug|Any CPU.Build.0 = Debug|Any CPU
		{CA246344-242D-4962-889B-9E3493ED643D}.Release|Any CPU.ActiveCfg = Release|Any CPU
		{CA246344-242D-4962-889B-9E3493ED643D}.Release|Any CPU.Build.0 = Release|Any CPU
		{F2D6C6FC-A4B7-4749-8875-5EE1A7E58772}.Debug|Any CPU.ActiveCfg = Debug|Any CPU
		{F2D6C6FC-A4B7-4749-8875-5EE1A7E58772}.Debug|Any CPU.Build.0 = Debug|Any CPU
		{F2D6C6FC-A4B7-4749-8875-5EE1A7E58772}.Release|Any CPU.ActiveCfg = Release|Any CPU
		{F2D6C6FC-A4B7-4749-8875-5EE1A7E58772}.Release|Any CPU.Build.0 = Release|Any CPU
		{CD1977B3-6EEA-4B15-B66C-AEBD2CEFA33C}.Debug|Any CPU.ActiveCfg = Debug|Any CPU
		{CD1977B3-6EEA-4B15-B66C-AEBD2CEFA33C}.Debug|Any CPU.Build.0 = Debug|Any CPU
		{CD1977B3-6EEA-4B15-B66C-AEBD2CEFA33C}.Release|Any CPU.ActiveCfg = Release|Any CPU
		{CD1977B3-6EEA-4B15-B66C-AEBD2CEFA33C}.Release|Any CPU.Build.0 = Release|Any CPU
	EndGlobalSection
	GlobalSection(SolutionProperties) = preSolution
		HideSolutionNode = FALSE
	EndGlobalSection
	GlobalSection(ExtensibilityGlobals) = postSolution
		SolutionGuid = {25C57B4A-2036-46F1-9D60-233CEE73D905}
	EndGlobalSection
EndGlobal
