
Microsoft Visual Studio Solution File, Format Version 12.00
# Visual Studio Version 17
VisualStudioVersion = 17.9.34723.18
MinimumVisualStudioVersion = 10.0.40219.1
Project("{FAE04EC0-301F-11D3-BF4B-00C04F79EFBC}") = "Lab4.1", "Lab4.1\Lab4.1.csproj", "{E45681A4-2A4A-4CE6-AB50-82172C1440D0}"
EndProject
Global
	GlobalSection(SolutionConfigurationPlatforms) = preSolution
		Debug|Any CPU = Debug|Any CPU
		Release|Any CPU = Release|Any CPU
	EndGlobalSection
	GlobalSection(ProjectConfigurationPlatforms) = postSolution
		{E45681A4-2A4A-4CE6-AB50-82172C1440D0}.Debug|Any CPU.ActiveCfg = Debug|Any CPU
		{E45681A4-2A4A-4CE6-AB50-82172C1440D0}.Debug|Any CPU.Build.0 = Debug|Any CPU
		{E45681A4-2A4A-4CE6-AB50-82172C1440D0}.Release|Any CPU.ActiveCfg = Release|Any CPU
		{E45681A4-2A4A-4CE6-AB50-82172C1440D0}.Release|Any CPU.Build.0 = Release|Any CPU
	EndGlobalSection
	GlobalSection(SolutionProperties) = preSolution
		HideSolutionNode = FALSE
	EndGlobalSection
	GlobalSection(ExtensibilityGlobals) = postSolution
		SolutionGuid = {AF2F1231-2FFB-4D0B-8F1D-2F93E6672112}
	EndGlobalSection
EndGlobal
