
Microsoft Visual Studio Solution File, Format Version 12.00
# Visual Studio Version 17
VisualStudioVersion = 17.10.34928.147
MinimumVisualStudioVersion = 10.0.40219.1
Project("{FAE04EC0-301F-11D3-BF4B-00C04F79EFBC}") = "TdtdBaiKiemTraGK", "TdtdBaiKiemTraGK\TdtdBaiKiemTraGK.csproj", "{2804F41D-A5DC-4123-B66D-4D4B42B0CF17}"
EndProject
Global
	GlobalSection(SolutionConfigurationPlatforms) = preSolution
		Debug|Any CPU = Debug|Any CPU
		Release|Any CPU = Release|Any CPU
	EndGlobalSection
	GlobalSection(ProjectConfigurationPlatforms) = postSolution
		{2804F41D-A5DC-4123-B66D-4D4B42B0CF17}.Debug|Any CPU.ActiveCfg = Debug|Any CPU
		{2804F41D-A5DC-4123-B66D-4D4B42B0CF17}.Debug|Any CPU.Build.0 = Debug|Any CPU
		{2804F41D-A5DC-4123-B66D-4D4B42B0CF17}.Release|Any CPU.ActiveCfg = Release|Any CPU
		{2804F41D-A5DC-4123-B66D-4D4B42B0CF17}.Release|Any CPU.Build.0 = Release|Any CPU
	EndGlobalSection
	GlobalSection(SolutionProperties) = preSolution
		HideSolutionNode = FALSE
	EndGlobalSection
	GlobalSection(ExtensibilityGlobals) = postSolution
		SolutionGuid = {E6D25C23-96CF-4DD2-B67F-970FE4BB4C37}
	EndGlobalSection
EndGlobal
