
Microsoft Visual Studio Solution File, Format Version 12.00
# Visual Studio Version 17
VisualStudioVersion = 17.9.34723.18
MinimumVisualStudioVersion = 10.0.40219.1
Project("{FAE04EC0-301F-11D3-BF4B-00C04F79EFBC}") = "Lab2_1", "Lab2_1\Lab2_1.csproj", "{0C8DC161-4A90-43DF-90ED-C5773858D817}"
EndProject
Project("{FAE04EC0-301F-11D3-BF4B-00C04F79EFBC}") = "Lab02_2", "Lab02_2\Lab02_2.csproj", "{8EEB4343-9231-4538-9064-8D0BA18EA255}"
EndProject
Project("{FAE04EC0-301F-11D3-BF4B-00C04F79EFBC}") = "Lab2_BTTL_2_1", "Lab2_BTTL_2_1\Lab2_BTTL_2_1.csproj", "{203001A2-280B-45DF-A0A5-ACE114AB8D90}"
EndProject
Global
	GlobalSection(SolutionConfigurationPlatforms) = preSolution
		Debug|Any CPU = Debug|Any CPU
		Release|Any CPU = Release|Any CPU
	EndGlobalSection
	GlobalSection(ProjectConfigurationPlatforms) = postSolution
		{0C8DC161-4A90-43DF-90ED-C5773858D817}.Debug|Any CPU.ActiveCfg = Debug|Any CPU
		{0C8DC161-4A90-43DF-90ED-C5773858D817}.Debug|Any CPU.Build.0 = Debug|Any CPU
		{0C8DC161-4A90-43DF-90ED-C5773858D817}.Release|Any CPU.ActiveCfg = Release|Any CPU
		{0C8DC161-4A90-43DF-90ED-C5773858D817}.Release|Any CPU.Build.0 = Release|Any CPU
		{8EEB4343-9231-4538-9064-8D0BA18EA255}.Debug|Any CPU.ActiveCfg = Debug|Any CPU
		{8EEB4343-9231-4538-9064-8D0BA18EA255}.Debug|Any CPU.Build.0 = Debug|Any CPU
		{8EEB4343-9231-4538-9064-8D0BA18EA255}.Release|Any CPU.ActiveCfg = Release|Any CPU
		{8EEB4343-9231-4538-9064-8D0BA18EA255}.Release|Any CPU.Build.0 = Release|Any CPU
		{203001A2-280B-45DF-A0A5-ACE114AB8D90}.Debug|Any CPU.ActiveCfg = Debug|Any CPU
		{203001A2-280B-45DF-A0A5-ACE114AB8D90}.Debug|Any CPU.Build.0 = Debug|Any CPU
		{203001A2-280B-45DF-A0A5-ACE114AB8D90}.Release|Any CPU.ActiveCfg = Release|Any CPU
		{203001A2-280B-45DF-A0A5-ACE114AB8D90}.Release|Any CPU.Build.0 = Release|Any CPU
	EndGlobalSection
	GlobalSection(SolutionProperties) = preSolution
		HideSolutionNode = FALSE
	EndGlobalSection
	GlobalSection(ExtensibilityGlobals) = postSolution
		SolutionGuid = {77F6F275-BEAA-4F18-A271-EE82BD066FD7}
	EndGlobalSection
EndGlobal
